{
  "nodes": {
    "crane": {
      "locked": {
        "lastModified": 1780532242,
        "narHash": "sha256-D+BsdpxmtUwtqGoY0IXPhHgTlmqgcZKCEo1oMyn7ep0=",
        "owner": "ipetkov",
        "repo": "crane",
        "rev": "59a82a1222dd3b2080b5cc52a1a2e8d5f1b77f37",
        "type": "github"
      },
      "original": {
        "owner": "ipetkov",
        "repo": "crane",
        "type": "github"
      }
    },
    "nix-sqlite": {
      "inputs": {
        "nixpkgs": [
          "tamerye",
          "nixpkgs"
        ]
      },
      "locked": {
        "lastModified": 1780687708,
        "narHash": "sha256-oKS+JYmFLYFQAR0t/D5wfjhREdIIczKjAVeYRnUS9F4=",
        "ref": "main",
        "rev": "e7ce86cba09144d2992a264b5b0b5c711478e89d",
        "revCount": 31,
        "type": "git",
        "url": "https://git.pvv.ntnu.no/mugiten/nix-custom-sqlite.git"
      },
      "original": {
        "ref": "main",
        "type": "git",
        "url": "https://git.pvv.ntnu.no/mugiten/nix-custom-sqlite.git"
      }
    },
    "nixpkgs": {
      "locked": {
        "lastModified": 1780749050,
        "narHash": "sha256-3av0pIjlOWQ6rDbNOmpUSvbNnJkGORQKKjb4LtCZsIY=",
        "owner": "NixOS",
        "repo": "nixpkgs",
        "rev": "a799d3e3886da994fa307f817a6bc705ae538eeb",
        "type": "github"
      },
      "original": {
        "id": "nixpkgs",
        "ref": "nixos-unstable",
        "type": "indirect"
      }
    },
    "root": {
      "inputs": {
        "nixpkgs": "nixpkgs",
        "tamerye": "tamerye"
      }
    },
    "rust-overlay": {
      "inputs": {
        "nixpkgs": [
          "tamerye",
          "nixpkgs"
        ]
      },
      "locked": {
        "lastModified": 1780975129,
        "narHash": "sha256-428T1pLXnbVeUgZx2wWEkbvl3ZORjras34ANZ3ACp5A=",
        "owner": "oxalica",
        "repo": "rust-overlay",
        "rev": "fe64e6b409dc513274d2941f8da13bbd0fdcf44e",
        "type": "github"
      },
      "original": {
        "owner": "oxalica",
        "repo": "rust-overlay",
        "type": "github"
      }
    },
    "tamerye": {
      "inputs": {
        "crane": "crane",
        "nix-sqlite": "nix-sqlite",
        "nixpkgs": [
          "nixpkgs"
        ],
        "rust-overlay": "rust-overlay"
      },
      "locked": {
        "lastModified": 1781059814,
        "narHash": "sha256-rUZHtddRp/roiyi+FAgMsKESF7bqW5wUNvD9R3OE600=",
        "ref": "main",
        "rev": "903f990fddf77992ac0abb688f8c245e1aaeac38",
        "revCount": 38,
        "type": "git",
        "url": "https://git.pvv.ntnu.no/Mugiten/tamerye.git"
      },
      "original": {
        "ref": "main",
        "type": "git",
        "url": "https://git.pvv.ntnu.no/Mugiten/tamerye.git"
      }
    }
  },
  "root": "root",
  "version": 7
}
